<?xml version="1.0" encoding="utf-8"?>
<Project ToolsVersion="4.0" xmlns="http://schemas.microsoft.com/developer/msbuild/2003">
  <ItemGroup>
    <Filter Include="Source Files">
      <UniqueIdentifier>{4FC737F1-C7A5-4376-A066-2A32D752A2FF}</UniqueIdentifier>
      <Extensions>cpp;c;cc;cxx;def;odl;idl;hpj;bat;asm;asmx</Extensions>
    </Filter>
    <Filter Include="Header Files">
      <UniqueIdentifier>{93995380-89BD-4b04-88EB-625FBE52EBFB}</UniqueIdentifier>
      <Extensions>h;hh;hpp;hxx;hm;inl;inc;ipp;xsd</Extensions>
    </Filter>
    <Filter Include="Resource Files">
      <UniqueIdentifier>{67DA6AB6-F800-4c08-8B7A-83BB121AAD01}</UniqueIdentifier>
      <Extensions>rc;ico;cur;bmp;dlg;rc2;rct;bin;rgs;gif;jpg;jpeg;jpe;resx;tiff;tif;png;wav;mfcribbon-ms</Extensions>
    </Filter>
  </ItemGroup>
  <ItemGroup>
    <ClInclude Include="pch.h">
      <Filter>Header Files</Filter>
    </ClInclude>
    <ClInclude Include="abs.h">
      <Filter>Header Files</Filter>
    </ClInclude>
    <ClInclude Include="adaptthresh.h">
      <Filter>Header Files</Filter>
    </ClInclude>
    <ClInclude Include="diag.h">
      <Filter>Header Files</Filter>
    </ClInclude>
    <ClInclude Include="imfilter.h">
      <Filter>Header Files</Filter>
    </ClInclude>
    <ClInclude Include="mod.h">
      <Filter>Header Files</Filter>
    </ClInclude>
    <ClInclude Include="ordfilt2.h">
      <Filter>Header Files</Filter>
    </ClInclude>
    <ClInclude Include="padarray.h">
      <Filter>Header Files</Filter>
    </ClInclude>
    <ClInclude Include="repmat.h">
      <Filter>Header Files</Filter>
    </ClInclude>
    <ClInclude Include="rt_nonfinite.h">
      <Filter>Header Files</Filter>
    </ClInclude>
    <ClInclude Include="rtGetInf.h">
      <Filter>Header Files</Filter>
    </ClInclude>
    <ClInclude Include="rtGetNaN.h">
      <Filter>Header Files</Filter>
    </ClInclude>
    <ClInclude Include="rtwtypes.h">
      <Filter>Header Files</Filter>
    </ClInclude>
    <ClInclude Include="sqrt.h">
      <Filter>Header Files</Filter>
    </ClInclude>
    <ClInclude Include="sum.h">
      <Filter>Header Files</Filter>
    </ClInclude>
    <ClInclude Include="svd.h">
      <Filter>Header Files</Filter>
    </ClInclude>
    <ClInclude Include="svd1.h">
      <Filter>Header Files</Filter>
    </ClInclude>
    <ClInclude Include="Threshold.h">
      <Filter>Header Files</Filter>
    </ClInclude>
    <ClInclude Include="Threshold_emxAPI.h">
      <Filter>Header Files</Filter>
    </ClInclude>
    <ClInclude Include="Threshold_emxutil.h">
      <Filter>Header Files</Filter>
    </ClInclude>
    <ClInclude Include="Threshold_initialize.h">
      <Filter>Header Files</Filter>
    </ClInclude>
    <ClInclude Include="Threshold_rtwutil.h">
      <Filter>Header Files</Filter>
    </ClInclude>
    <ClInclude Include="Threshold_terminate.h">
      <Filter>Header Files</Filter>
    </ClInclude>
    <ClInclude Include="Threshold_types.h">
      <Filter>Header Files</Filter>
    </ClInclude>
    <ClInclude Include="useConstantDim.h">
      <Filter>Header Files</Filter>
    </ClInclude>
    <ClInclude Include="xaxpy.h">
      <Filter>Header Files</Filter>
    </ClInclude>
    <ClInclude Include="xdotc.h">
      <Filter>Header Files</Filter>
    </ClInclude>
    <ClInclude Include="xnrm2.h">
      <Filter>Header Files</Filter>
    </ClInclude>
    <ClInclude Include="xrot.h">
      <Filter>Header Files</Filter>
    </ClInclude>
    <ClInclude Include="xrotg.h">
      <Filter>Header Files</Filter>
    </ClInclude>
    <ClInclude Include="xscal.h">
      <Filter>Header Files</Filter>
    </ClInclude>
    <ClInclude Include="xswap.h">
      <Filter>Header Files</Filter>
    </ClInclude>
  </ItemGroup>
  <ItemGroup>
    <ClCompile Include="pch.cpp">
      <Filter>Source Files</Filter>
    </ClCompile>
    <ClCompile Include="ConsoleApplication1.cpp">
      <Filter>Source Files</Filter>
    </ClCompile>
    <ClCompile Include="abs.cpp">
      <Filter>Source Files</Filter>
    </ClCompile>
    <ClCompile Include="adaptthresh.cpp">
      <Filter>Source Files</Filter>
    </ClCompile>
    <ClCompile Include="diag.cpp">
      <Filter>Source Files</Filter>
    </ClCompile>
    <ClCompile Include="imfilter.cpp">
      <Filter>Source Files</Filter>
    </ClCompile>
    <ClCompile Include="mod.cpp">
      <Filter>Source Files</Filter>
    </ClCompile>
    <ClCompile Include="ordfilt2.cpp">
      <Filter>Source Files</Filter>
    </ClCompile>
    <ClCompile Include="padarray.cpp">
      <Filter>Source Files</Filter>
    </ClCompile>
    <ClCompile Include="repmat.cpp">
      <Filter>Source Files</Filter>
    </ClCompile>
    <ClCompile Include="rt_nonfinite.cpp">
      <Filter>Source Files</Filter>
    </ClCompile>
    <ClCompile Include="rtGetInf.cpp">
      <Filter>Source Files</Filter>
    </ClCompile>
    <ClCompile Include="rtGetNaN.cpp">
      <Filter>Source Files</Filter>
    </ClCompile>
    <ClCompile Include="sqrt.cpp">
      <Filter>Source Files</Filter>
    </ClCompile>
    <ClCompile Include="sum.cpp">
      <Filter>Source Files</Filter>
    </ClCompile>
    <ClCompile Include="svd.cpp">
      <Filter>Source Files</Filter>
    </ClCompile>
    <ClCompile Include="svd1.cpp">
      <Filter>Source Files</Filter>
    </ClCompile>
    <ClCompile Include="Threshold.cpp">
      <Filter>Source Files</Filter>
    </ClCompile>
    <ClCompile Include="Threshold_emxAPI.cpp">
      <Filter>Source Files</Filter>
    </ClCompile>
    <ClCompile Include="Threshold_emxutil.cpp">
      <Filter>Source Files</Filter>
    </ClCompile>
    <ClCompile Include="Threshold_initialize.cpp">
      <Filter>Source Files</Filter>
    </ClCompile>
    <ClCompile Include="Threshold_rtwutil.cpp">
      <Filter>Source Files</Filter>
    </ClCompile>
    <ClCompile Include="Threshold_terminate.cpp">
      <Filter>Source Files</Filter>
    </ClCompile>
    <ClCompile Include="useConstantDim.cpp">
      <Filter>Source Files</Filter>
    </ClCompile>
    <ClCompile Include="xaxpy.cpp">
      <Filter>Source Files</Filter>
    </ClCompile>
    <ClCompile Include="xdotc.cpp">
      <Filter>Source Files</Filter>
    </ClCompile>
    <ClCompile Include="xnrm2.cpp">
      <Filter>Source Files</Filter>
    </ClCompile>
    <ClCompile Include="xrot.cpp">
      <Filter>Source Files</Filter>
    </ClCompile>
    <ClCompile Include="xrotg.cpp">
      <Filter>Source Files</Filter>
    </ClCompile>
    <ClCompile Include="xscal.cpp">
      <Filter>Source Files</Filter>
    </ClCompile>
    <ClCompile Include="xswap.cpp">
      <Filter>Source Files</Filter>
    </ClCompile>
  </ItemGroup>
  <ItemGroup>
    <CopyFileToFolders Include="LocalThreshold.py" />
    <CopyFileToFolders Include="2mmBrinell250_31.400_-1.000.tif">
      <Filter>Resource Files</Filter>
    </CopyFileToFolders>
    <CopyFileToFolders Include="resultMatlab.tif">
      <Filter>Resource Files</Filter>
    </CopyFileToFolders>
  </ItemGroup>
  <ItemGroup>
    <None Include="buildInfo.mat" />
    <None Include="codeInfo.mat" />
    <None Include="gcGuiReport.mat" />
    <None Include="rtw_proj.tmw" />
    <None Include="setup_msvc150.bat">
      <Filter>Source Files</Filter>
    </None>
    <None Include="Threshold_ref.rsp" />
    <None Include="Threshold_rtw.bat">
      <Filter>Source Files</Filter>
    </None>
    <None Include="Threshold_rtw.mk" />
    <None Include="Threshold_rtw.rsp" />
    <None Include="Threshold_rtw_comp.rsp" />
    <None Include="Threshold_rtw_ref.rsp" />
  </ItemGroup>
</Project>